
Microsoft Visual Studio Solution File, Format Version 12.00
# Visual Studio Version 16
VisualStudioVersion = 16.0.29613.14
MinimumVisualStudioVersion = 10.0.40219.1
Project("{FAE04EC0-301F-11D3-BF4B-00C04F79EFBC}") = "MyPracticeSite", "MyPracticeSite\MyPracticeSite.csproj", "{BBF510DF-C0D1-4D6F-B53C-D0007016528C}"
EndProject
Global
	GlobalSection(SolutionConfigurationPlatforms) = preSolution
		Debug|Any CPU = Debug|Any CPU
		Release|Any CPU = Release|Any CPU
	EndGlobalSection
	GlobalSection(ProjectConfigurationPlatforms) = postSolution
		{BBF510DF-C0D1-4D6F-B53C-D0007016528C}.Debug|Any CPU.ActiveCfg = Debug|Any CPU
		{BBF510DF-C0D1-4D6F-B53C-D0007016528C}.Debug|Any CPU.Build.0 = Debug|Any CPU
		{BBF510DF-C0D1-4D6F-B53C-D0007016528C}.Release|Any CPU.ActiveCfg = Release|Any CPU
		{BBF510DF-C0D1-4D6F-B53C-D0007016528C}.Release|Any CPU.Build.0 = Release|Any CPU
	EndGlobalSection
	GlobalSection(SolutionProperties) = preSolution
		HideSolutionNode = FALSE
	EndGlobalSection
	GlobalSection(ExtensibilityGlobals) = postSolution
		SolutionGuid = {2ADD08DD-F943-4572-AD69-66CF27C3FE40}
	EndGlobalSection
EndGlobal
